{
    "hash": "2a1e083e707b8f0812d8999c33bf512d",
    "packages": [
        {
            "package": "twig/twig",
            "version": "dev-master",
            "alias-pretty-version": "1.9.x-dev",
            "alias-version": "1.9.9999999.9999999-dev"
        },
        {
            "package": "twig/twig",
            "version": "dev-master",
            "source-reference": "32c4867f68c1bacc758602d602e18a3ac1598c76",
            "commit-date": "1345916214"
        }
    ],
    "packages-dev": null,
    "aliases": [

    ],
    "minimum-stability": "stable",
    "stability-flags": [

    ]
}
